<?xml version="1.0" encoding="utf-8"?>
<Project ToolsVersion="4.0" xmlns="http://schemas.microsoft.com/developer/msbuild/2003">
  <ItemGroup>
    <Filter Include="Source Files">
      <UniqueIdentifier>{4FC737F1-C7A5-4376-A066-2A32D752A2FF}</UniqueIdentifier>
      <Extensions>cpp;c;cc;cxx;c++;cppm;ixx;def;odl;idl;hpj;bat;asm;asmx</Extensions>
    </Filter>
    <Filter Include="Header Files">
      <UniqueIdentifier>{93995380-89BD-4b04-88EB-625FBE52EBFB}</UniqueIdentifier>
      <Extensions>h;hh;hpp;hxx;h++;hm;inl;inc;ipp;xsd</Extensions>
    </Filter>
    <Filter Include="Resource Files">
      <UniqueIdentifier>{67DA6AB6-F800-4c08-8B7A-83BB121AAD01}</UniqueIdentifier>
      <Extensions>rc;ico;cur;bmp;dlg;rc2;rct;bin;rgs;gif;jpg;jpeg;jpe;resx;tiff;tif;png;wav;mfcribbon-ms</Extensions>
    </Filter>
  </ItemGroup>
  <ItemGroup>
    <ClInclude Include="Ashma\Client\client.hpp">
      <Filter>Header Files</Filter>
    </ClInclude>
    <ClInclude Include="Ashma\Server\server.hpp">
      <Filter>Header Files</Filter>
    </ClInclude>
    <ClInclude Include="Ashma\Client\main.hpp">
      <Filter>Header Files</Filter>
    </ClInclude>
    <ClInclude Include="Ashma\Server\main.hpp">
      <Filter>Header Files</Filter>
    </ClInclude>
    <ClInclude Include="Ashma\execution\execution.hpp">
      <Filter>Header Files</Filter>
    </ClInclude>
    <ClInclude Include="Ashma\execution\utils\lua\lapi.h">
      <Filter>Header Files</Filter>
    </ClInclude>
    <ClInclude Include="Ashma\execution\utils\lua\lauxlib.h">
      <Filter>Header Files</Filter>
    </ClInclude>
    <ClInclude Include="Ashma\execution\utils\lua\lcode.h">
      <Filter>Header Files</Filter>
    </ClInclude>
    <ClInclude Include="Ashma\execution\utils\lua\ldebug.h">
      <Filter>Header Files</Filter>
    </ClInclude>
    <ClInclude Include="Ashma\execution\utils\lua\ldo.h">
      <Filter>Header Files</Filter>
    </ClInclude>
    <ClInclude Include="Ashma\execution\utils\lua\lfunc.h">
      <Filter>Header Files</Filter>
    </ClInclude>
    <ClInclude Include="Ashma\execution\utils\lua\lgc.h">
      <Filter>Header Files</Filter>
    </ClInclude>
    <ClInclude Include="Ashma\execution\utils\lua\llex.h">
      <Filter>Header Files</Filter>
    </ClInclude>
    <ClInclude Include="Ashma\execution\utils\lua\llimits.h">
      <Filter>Header Files</Filter>
    </ClInclude>
    <ClInclude Include="Ashma\execution\utils\lua\lmem.h">
      <Filter>Header Files</Filter>
    </ClInclude>
    <ClInclude Include="Ashma\execution\utils\lua\lobject.h">
      <Filter>Header Files</Filter>
    </ClInclude>
    <ClInclude Include="Ashma\execution\utils\lua\lopcodes.h">
      <Filter>Header Files</Filter>
    </ClInclude>
    <ClInclude Include="Ashma\execution\utils\lua\lparser.h">
      <Filter>Header Files</Filter>
    </ClInclude>
    <ClInclude Include="Ashma\execution\utils\lua\lstate.h">
      <Filter>Header Files</Filter>
    </ClInclude>
    <ClInclude Include="Ashma\execution\utils\lua\lstring.h">
      <Filter>Header Files</Filter>
    </ClInclude>
    <ClInclude Include="Ashma\execution\utils\lua\ltable.h">
      <Filter>Header Files</Filter>
    </ClInclude>
    <ClInclude Include="Ashma\execution\utils\lua\ltm.h">
      <Filter>Header Files</Filter>
    </ClInclude>
    <ClInclude Include="Ashma\execution\utils\lua\lua.h">
      <Filter>Header Files</Filter>
    </ClInclude>
    <ClInclude Include="Ashma\execution\utils\lua\luaconf.h">
      <Filter>Header Files</Filter>
    </ClInclude>
    <ClInclude Include="Ashma\execution\utils\lua\lualib.h">
      <Filter>Header Files</Filter>
    </ClInclude>
    <ClInclude Include="Ashma\execution\utils\lua\lundump.h">
      <Filter>Header Files</Filter>
    </ClInclude>
    <ClInclude Include="Ashma\execution\utils\lua\lvm.h">
      <Filter>Header Files</Filter>
    </ClInclude>
    <ClInclude Include="Ashma\execution\utils\lua\lzio.h">
      <Filter>Header Files</Filter>
    </ClInclude>
    <ClInclude Include="Ashma\Win32\Rblx\DataModel.hpp">
      <Filter>Header Files</Filter>
    </ClInclude>
    <ClInclude Include="Ashma\Win32\Bypasses\console.hpp">
      <Filter>Header Files</Filter>
    </ClInclude>
    <ClInclude Include="Ashma\Win32\Bypasses\retcheck.hpp">
      <Filter>Header Files</Filter>
    </ClInclude>
    <ClInclude Include="Ashma\execution\bytecode_serializer\serializer.hpp">
      <Filter>Header Files</Filter>
    </ClInclude>
    <ClInclude Include="Ashma\execution\trans_instr\transpiler.hpp">
      <Filter>Header Files</Filter>
    </ClInclude>
    <ClInclude Include="Ashma\api\api.hpp">
      <Filter>Header Files</Filter>
    </ClInclude>
    <ClInclude Include="Ashma\api\addresses.hpp">
      <Filter>Header Files</Filter>
    </ClInclude>
    <ClInclude Include="Ashma\SigScanner\mem.h">
      <Filter>Header Files</Filter>
    </ClInclude>
    <ClInclude Include="Ashma\execution\utils\Memory\Memory.hpp">
      <Filter>Header Files</Filter>
    </ClInclude>
    <ClInclude Include="Ashma\execution\utils\Memory\Hook\CMemory.hpp">
      <Filter>Header Files</Filter>
    </ClInclude>
    <ClInclude Include="Ashma\Win32\Bypasses\callcheck.hpp">
      <Filter>Header Files</Filter>
    </ClInclude>
    <ClInclude Include="Ashma\Win32\Bypasses\MinHook.h">
      <Filter>Header Files</Filter>
    </ClInclude>
  </ItemGroup>
  <ItemGroup>
    <ClCompile Include="Ashma\Client\client.cpp">
      <Filter>Source Files</Filter>
    </ClCompile>
    <ClCompile Include="Ashma\Client\main.cpp">
      <Filter>Source Files</Filter>
    </ClCompile>
    <ClCompile Include="Ashma\Server\server.cpp">
      <Filter>Source Files</Filter>
    </ClCompile>
    <ClCompile Include="Ashma\Server\main.cpp">
      <Filter>Source Files</Filter>
    </ClCompile>
    <ClCompile Include="Ashma\execution\utils\lua\lapi.c">
      <Filter>Source Files</Filter>
    </ClCompile>
    <ClCompile Include="Ashma\execution\utils\lua\lauxlib.c">
      <Filter>Source Files</Filter>
    </ClCompile>
    <ClCompile Include="Ashma\execution\utils\lua\lbaselib.c">
      <Filter>Source Files</Filter>
    </ClCompile>
    <ClCompile Include="Ashma\execution\utils\lua\lcode.c">
      <Filter>Source Files</Filter>
    </ClCompile>
    <ClCompile Include="Ashma\execution\utils\lua\ldblib.c">
      <Filter>Source Files</Filter>
    </ClCompile>
    <ClCompile Include="Ashma\execution\utils\lua\ldebug.c">
      <Filter>Source Files</Filter>
    </ClCompile>
    <ClCompile Include="Ashma\execution\utils\lua\ldo.c">
      <Filter>Source Files</Filter>
    </ClCompile>
    <ClCompile Include="Ashma\execution\utils\lua\ldump.c">
      <Filter>Source Files</Filter>
    </ClCompile>
    <ClCompile Include="Ashma\execution\utils\lua\lfunc.c">
      <Filter>Source Files</Filter>
    </ClCompile>
    <ClCompile Include="Ashma\execution\utils\lua\lgc.c">
      <Filter>Source Files</Filter>
    </ClCompile>
    <ClCompile Include="Ashma\execution\utils\lua\linit.c">
      <Filter>Source Files</Filter>
    </ClCompile>
    <ClCompile Include="Ashma\execution\utils\lua\liolib.c">
      <Filter>Source Files</Filter>
    </ClCompile>
    <ClCompile Include="Ashma\execution\utils\lua\llex.c">
      <Filter>Source Files</Filter>
    </ClCompile>
    <ClCompile Include="Ashma\execution\utils\lua\lmathlib.c">
      <Filter>Source Files</Filter>
    </ClCompile>
    <ClCompile Include="Ashma\execution\utils\lua\lmem.c">
      <Filter>Source Files</Filter>
    </ClCompile>
    <ClCompile Include="Ashma\execution\utils\lua\loadlib.c">
      <Filter>Source Files</Filter>
    </ClCompile>
    <ClCompile Include="Ashma\execution\utils\lua\lobject.c">
      <Filter>Source Files</Filter>
    </ClCompile>
    <ClCompile Include="Ashma\execution\utils\lua\lopcodes.c">
      <Filter>Source Files</Filter>
    </ClCompile>
    <ClCompile Include="Ashma\execution\utils\lua\loslib.c">
      <Filter>Source Files</Filter>
    </ClCompile>
    <ClCompile Include="Ashma\execution\utils\lua\lparser.c">
      <Filter>Source Files</Filter>
    </ClCompile>
    <ClCompile Include="Ashma\execution\utils\lua\lstate.c">
      <Filter>Source Files</Filter>
    </ClCompile>
    <ClCompile Include="Ashma\execution\utils\lua\lstring.c">
      <Filter>Source Files</Filter>
    </ClCompile>
    <ClCompile Include="Ashma\execution\utils\lua\lstrlib.c">
      <Filter>Source Files</Filter>
    </ClCompile>
    <ClCompile Include="Ashma\execution\utils\lua\ltable.c">
      <Filter>Source Files</Filter>
    </ClCompile>
    <ClCompile Include="Ashma\execution\utils\lua\ltablib.c">
      <Filter>Source Files</Filter>
    </ClCompile>
    <ClCompile Include="Ashma\execution\utils\lua\ltm.c">
      <Filter>Source Files</Filter>
    </ClCompile>
    <ClCompile Include="Ashma\execution\utils\lua\lua.c">
      <Filter>Source Files</Filter>
    </ClCompile>
    <ClCompile Include="Ashma\execution\utils\lua\luac.c">
      <Filter>Source Files</Filter>
    </ClCompile>
    <ClCompile Include="Ashma\execution\utils\lua\lundump.c">
      <Filter>Source Files</Filter>
    </ClCompile>
    <ClCompile Include="Ashma\execution\utils\lua\lvm.c">
      <Filter>Source Files</Filter>
    </ClCompile>
    <ClCompile Include="Ashma\execution\utils\lua\lzio.c">
      <Filter>Source Files</Filter>
    </ClCompile>
    <ClCompile Include="Ashma\execution\utils\lua\print.c">
      <Filter>Source Files</Filter>
    </ClCompile>
    <ClCompile Include="Ashma\Win32\dllmain.cpp">
      <Filter>Source Files</Filter>
    </ClCompile>
    <ClCompile Include="Ashma\execution\utils\Memory\Memory.cpp">
      <Filter>Source Files</Filter>
    </ClCompile>
    <ClCompile Include="Ashma\execution\utils\Memory\Hook\CMemory.cpp">
      <Filter>Source Files</Filter>
    </ClCompile>
    <ClCompile Include="Ashma\Injector\Inject.cpp">
      <Filter>Source Files</Filter>
    </ClCompile>
  </ItemGroup>
  <ItemGroup>
    <Library Include="Ashma\Win32\Bypasses\libMinHook-x86-v110-mt.lib" />
    <Library Include="..\..\..\..\OneDrive\Desktop\MinHook_133_lib\libMinHook-x86-v141-mtd.lib" />
  </ItemGroup>
</Project>